{
  "name": "@adobe/reactor-load-script",
  "version": "1.0.1",
  "lockfileVersion": 1,
  "requires": true,
  "dependencies": {
    "@adobe/reactor-promise": {
      "version": "1.0.0",
      "resolved": "https://registry.npmjs.org/@adobe/reactor-promise/-/reactor-promise-1.0.0.tgz",
      "integrity": "sha512-SCK/JLUd7UhwXQvyYRB8B8zvpk2aW8aGf3Xx8dZVXiaHrULgcWfVB5IzpbTsdwbez2HmsVteT7L7xIS2PZW87A==",
      "requires": {
        "promise-polyfill": "6.0.2"
      }
    },
    "promise-polyfill": {
      "version": "6.0.2",
      "resolved": "https://registry.npmjs.org/promise-polyfill/-/promise-polyfill-6.0.2.tgz",
      "integrity": "sha1-2chtPcTcLfkBboiUbe/Wm0m0EWI="
    }
  }
}
